// !$*UTF8*$!
{
	archiveVersion = 1;
	classes = {
	};
	objectVersion = 50;
	objects = {

/* Begin PBXBuildFile section */
		C342106C2536A70000479650 /* AppDelegate.swift in Sources */ = {isa = PBXBuildFile; fileRef = C342106B2536A70000479650 /* AppDelegate.swift */; };
		C342106E2536A70000479650 /* SceneDelegate.swift in Sources */ = {isa = PBXBuildFile; fileRef = C342106D2536A70000479650 /* SceneDelegate.swift */; };
		C34210732536A70000479650 /* Main.storyboard in Resources */ = {isa = PBXBuildFile; fileRef = C34210712536A70000479650 /* Main.storyboard */; };
		C34210752536A70100479650 /* Assets.xcassets in Resources */ = {isa = PBXBuildFile; fileRef = C34210742536A70100479650 /* Assets.xcassets */; };
		C34210782536A70100479650 /* LaunchScreen.storyboard in Resources */ = {isa = PBXBuildFile; fileRef = C34210762536A70100479650 /* LaunchScreen.storyboard */; };
		C396D7792543D01C003F3D08 /* SettingsViewController.swift in Sources */ = {isa = PBXBuildFile; fileRef = C396D7782543D01C003F3D08 /* SettingsViewController.swift */; };
		C3AED1BC253B60B8001AA791 /* GameBoardViewController.swift in Sources */ = {isa = PBXBuildFile; fileRef = C3AED1BB253B60B8001AA791 /* GameBoardViewController.swift */; };
		C3CC86042542808400093906 /* Cell.swift in Sources */ = {isa = PBXBuildFile; fileRef = C3CC86032542808400093906 /* Cell.swift */; };
		C3CC860A2542822600093906 /* Game.swift in Sources */ = {isa = PBXBuildFile; fileRef = C3CC86092542822600093906 /* Game.swift */; };
		C3CC860D2542829F00093906 /* SquareCollectionViewCell.swift in Sources */ = {isa = PBXBuildFile; fileRef = C3CC860C2542829F00093906 /* SquareCollectionViewCell.swift */; };
/* End PBXBuildFile section */

/* Begin PBXFileReference section */
		C34210682536A70000479650 /* Game Of Life.app */ = {isa = PBXFileReference; explicitFileType = wrapper.application; includeInIndex = 0; path = "Game Of Life.app"; sourceTree = BUILT_PRODUCTS_DIR; };
		C342106B2536A70000479650 /* AppDelegate.swift */ = {isa = PBXFileReference; lastKnownFileType = sourcecode.swift; path = AppDelegate.swift; sourceTree = "<group>"; };
		C342106D2536A70000479650 /* SceneDelegate.swift */ = {isa = PBXFileReference; lastKnownFileType = sourcecode.swift; path = SceneDelegate.swift; sourceTree = "<group>"; };
		C34210722536A70000479650 /* Base */ = {isa = PBXFileReference; lastKnownFileType = file.storyboard; name = Base; path = Base.lproj/Main.storyboard; sourceTree = "<group>"; };
		C34210742536A70100479650 /* Assets.xcassets */ = {isa = PBXFileReference; lastKnownFileType = folder.assetcatalog; path = Assets.xcassets; sourceTree = "<group>"; };
		C34210772536A70100479650 /* Base */ = {isa = PBXFileReference; lastKnownFileType = file.storyboard; name = Base; path = Base.lproj/LaunchScreen.storyboard; sourceTree = "<group>"; };
		C34210792536A70100479650 /* Info.plist */ = {isa = PBXFileReference; lastKnownFileType = text.plist.xml; path = Info.plist; sourceTree = "<group>"; };
		C396D7782543D01C003F3D08 /* SettingsViewController.swift */ = {isa = PBXFileReference; lastKnownFileType = sourcecode.swift; path = SettingsViewController.swift; sourceTree = "<group>"; };
		C3AED1BB253B60B8001AA791 /* GameBoardViewController.swift */ = {isa = PBXFileReference; lastKnownFileType = sourcecode.swift; path = GameBoardViewController.swift; sourceTree = "<group>"; };
		C3CC86032542808400093906 /* Cell.swift */ = {isa = PBXFileReference; lastKnownFileType = sourcecode.swift; path = Cell.swift; sourceTree = "<group>"; };
		C3CC86092542822600093906 /* Game.swift */ = {isa = PBXFileReference; lastKnownFileType = sourcecode.swift; path = Game.swift; sourceTree = "<group>"; };
		C3CC860C2542829F00093906 /* SquareCollectionViewCell.swift */ = {isa = PBXFileReference; lastKnownFileType = sourcecode.swift; path = SquareCollectionViewCell.swift; sourceTree = "<group>"; };
/* End PBXFileReference section */

/* Begin PBXFrameworksBuildPhase section */
		C34210652536A70000479650 /* Frameworks */ = {
			isa = PBXFrameworksBuildPhase;
			buildActionMask = 2147483647;
			files = (
			);
			runOnlyForDeploymentPostprocessing = 0;
		};
/* End PBXFrameworksBuildPhase section */

/* Begin PBXGroup section */
		C342105F2536A70000479650 = {
			isa = PBXGroup;
			children = (
				C342106A2536A70000479650 /* Game Of Life */,
				C34210692536A70000479650 /* Products */,
			);
			sourceTree = "<group>";
		};
		C34210692536A70000479650 /* Products */ = {
			isa = PBXGroup;
			children = (
				C34210682536A70000479650 /* Game Of Life.app */,
			);
			name = Products;
			sourceTree = "<group>";
		};
		C342106A2536A70000479650 /* Game Of Life */ = {
			isa = PBXGroup;
			children = (
				C34210882536AAE700479650 /* Models */,
				C34210872536AAE100479650 /* View Controllers */,
				C34210862536AAD800479650 /* Views */,
				C34210852536AAC900479650 /* Controllers */,
				C34210792536A70100479650 /* Info.plist */,
				C34210892536AAED00479650 /* Resources */,
			);
			path = "Game Of Life";
			sourceTree = "<group>";
		};
		C34210852536AAC900479650 /* Controllers */ = {
			isa = PBXGroup;
			children = (
				C3CC86092542822600093906 /* Game.swift */,
			);
			path = Controllers;
			sourceTree = "<group>";
		};
		C34210862536AAD800479650 /* Views */ = {
			isa = PBXGroup;
			children = (
				C34210712536A70000479650 /* Main.storyboard */,
				C34210762536A70100479650 /* LaunchScreen.storyboard */,
				C3CC860C2542829F00093906 /* SquareCollectionViewCell.swift */,
			);
			path = Views;
			sourceTree = "<group>";
		};
		C34210872536AAE100479650 /* View Controllers */ = {
			isa = PBXGroup;
			children = (
				C3AED1BB253B60B8001AA791 /* GameBoardViewController.swift */,
				C396D7782543D01C003F3D08 /* SettingsViewController.swift */,
			);
			path = "View Controllers";
			sourceTree = "<group>";
		};
		C34210882536AAE700479650 /* Models */ = {
			isa = PBXGroup;
			children = (
				C3CC86032542808400093906 /* Cell.swift */,
			);
			path = Models;
			sourceTree = "<group>";
		};
		C34210892536AAED00479650 /* Resources */ = {
			isa = PBXGroup;
			children = (
				C342106B2536A70000479650 /* AppDelegate.swift */,
				C342106D2536A70000479650 /* SceneDelegate.swift */,
				C34210742536A70100479650 /* Assets.xcassets */,
			);
			path = Resources;
			sourceTree = "<group>";
		};
/* End PBXGroup section */

/* Begin PBXNativeTarget section */
		C34210672536A70000479650 /* Game Of Life */ = {
			isa = PBXNativeTarget;
			buildConfigurationList = C342107C2536A70100479650 /* Build configuration list for PBXNativeTarget "Game Of Life" */;
			buildPhases = (
				C34210642536A70000479650 /* Sources */,
				C34210652536A70000479650 /* Frameworks */,
				C34210662536A70000479650 /* Resources */,
			);
			buildRules = (
			);
			dependencies = (
			);
			name = "Game Of Life";
			productName = "Game Of Life";
			productReference = C34210682536A70000479650 /* Game Of Life.app */;
			productType = "com.apple.product-type.application";
		};
/* End PBXNativeTarget section */

/* Begin PBXProject section */
		C34210602536A70000479650 /* Project object */ = {
			isa = PBXProject;
			attributes = {
				LastSwiftUpdateCheck = 1200;
				LastUpgradeCheck = 1200;
				TargetAttributes = {
					C34210672536A70000479650 = {
						CreatedOnToolsVersion = 12.0.1;
					};
				};
			};
			buildConfigurationList = C34210632536A70000479650 /* Build configuration list for PBXProject "Game Of Life" */;
			compatibilityVersion = "Xcode 9.3";
			developmentRegion = en;
			hasScannedForEncodings = 0;
			knownRegions = (
				en,
				Base,
			);
			mainGroup = C342105F2536A70000479650;
			productRefGroup = C34210692536A70000479650 /* Products */;
			projectDirPath = "";
			projectRoot = "";
			targets = (
				C34210672536A70000479650 /* Game Of Life */,
			);
		};
/* End PBXProject section */

/* Begin PBXResourcesBuildPhase section */
		C34210662536A70000479650 /* Resources */ = {
			isa = PBXResourcesBuildPhase;
			buildActionMask = 2147483647;
			files = (
				C34210782536A70100479650 /* LaunchScreen.storyboard in Resources */,
				C34210752536A70100479650 /* Assets.xcassets in Resources */,
				C34210732536A70000479650 /* Main.storyboard in Resources */,
			);
			runOnlyForDeploymentPostprocessing = 0;
		};
/* End PBXResourcesBuildPhase section */

/* Begin PBXSourcesBuildPhase section */
		C34210642536A70000479650 /* Sources */ = {
			isa = PBXSourcesBuildPhase;
			buildActionMask = 2147483647;
			files = (
				C342106C2536A70000479650 /* AppDelegate.swift in Sources */,
				C3CC860A2542822600093906 /* Game.swift in Sources */,
				C396D7792543D01C003F3D08 /* SettingsViewController.swift in Sources */,
				C3CC86042542808400093906 /* Cell.swift in Sources */,
				C3CC860D2542829F00093906 /* SquareCollectionViewCell.swift in Sources */,
				C3AED1BC253B60B8001AA791 /* GameBoardViewController.swift in Sources */,
				C342106E2536A70000479650 /* SceneDelegate.swift in Sources */,
			);
			runOnlyForDeploymentPostprocessing = 0;
		};
/* End PBXSourcesBuildPhase section */

/* Begin PBXVariantGroup section */
		C34210712536A70000479650 /* Main.storyboard */ = {
			isa = PBXVariantGroup;
			children = (
				C34210722536A70000479650 /* Base */,
			);
			name = Main.storyboard;
			sourceTree = "<group>";
		};
		C34210762536A70100479650 /* LaunchScreen.storyboard */ = {
			isa = PBXVariantGroup;
			children = (
				C34210772536A70100479650 /* Base */,
			);
			name = LaunchScreen.storyboard;
			sourceTree = "<group>";
		};
/* End PBXVariantGroup section */

/* Begin XCBuildConfiguration section */
		C342107A2536A70100479650 /* Debug */ = {
			isa = XCBuildConfiguration;
			buildSettings = {
				ALWAYS_SEARCH_USER_PATHS = NO;
				CLANG_ANALYZER_NONNULL = YES;
				CLANG_ANALYZER_NUMBER_OBJECT_CONVERSION = YES_AGGRESSIVE;
				CLANG_CXX_LANGUAGE_STANDARD = "gnu++14";
				CLANG_CXX_LIBRARY = "libc++";
				CLANG_ENABLE_MODULES = YES;
				CLANG_ENABLE_OBJC_ARC = YES;
				CLANG_ENABLE_OBJC_WEAK = YES;
				CLANG_WARN_BLOCK_CAPTURE_AUTORELEASING = YES;
				CLANG_WARN_BOOL_CONVERSION = YES;
				CLANG_WARN_COMMA = YES;
				CLANG_WARN_CONSTANT_CONVERSION = YES;
				CLANG_WARN_DEPRECATED_OBJC_IMPLEMENTATIONS = YES;
				CLANG_WARN_DIRECT_OBJC_ISA_USAGE = YES_ERROR;
				CLANG_WARN_DOCUMENTATION_COMMENTS = YES;
				CLANG_WARN_EMPTY_BODY = YES;
				CLANG_WARN_ENUM_CONVERSION = YES;
				CLANG_WARN_INFINITE_RECURSION = YES;
				CLANG_WARN_INT_CONVERSION = YES;
				CLANG_WARN_NON_LITERAL_NULL_CONVERSION = YES;
				CLANG_WARN_OBJC_IMPLICIT_RETAIN_SELF = YES;
				CLANG_WARN_OBJC_LITERAL_CONVERSION = YES;
				CLANG_WARN_OBJC_ROOT_CLASS = YES_ERROR;
				CLANG_WARN_QUOTED_INCLUDE_IN_FRAMEWORK_HEADER = YES;
				CLANG_WARN_RANGE_LOOP_ANALYSIS = YES;
				CLANG_WARN_STRICT_PROTOTYPES = YES;
				CLANG_WARN_SUSPICIOUS_MOVE = YES;
				CLANG_WARN_UNGUARDED_AVAILABILITY = YES_AGGRESSIVE;
				CLANG_WARN_UNREACHABLE_CODE = YES;
				CLANG_WARN__DUPLICATE_METHOD_MATCH = YES;
				COPY_PHASE_STRIP = NO;
				DEBUG_INFORMATION_FORMAT = dwarf;
				ENABLE_STRICT_OBJC_MSGSEND = YES;
				ENABLE_TESTABILITY = YES;
				GCC_C_LANGUAGE_STANDARD = gnu11;
				GCC_DYNAMIC_NO_PIC = NO;
				GCC_NO_COMMON_BLOCKS = YES;
				GCC_OPTIMIZATION_LEVEL = 0;
				GCC_PREPROCESSOR_DEFINITIONS = (
					"DEBUG=1",
					"$(inherited)",
				);
				GCC_WARN_64_TO_32_BIT_CONVERSION = YES;
				GCC_WARN_ABOUT_RETURN_TYPE = YES_ERROR;
				GCC_WARN_UNDECLARED_SELECTOR = YES;
				GCC_WARN_UNINITIALIZED_AUTOS = YES_AGGRESSIVE;
				GCC_WARN_UNUSED_FUNCTION = YES;
				GCC_WARN_UNUSED_VARIABLE = YES;
				IPHONEOS_DEPLOYMENT_TARGET = 14.0;
				MACOSX_DEPLOYMENT_TARGET = 10.14;
				MTL_ENABLE_DEBUG_INFO = INCLUDE_SOURCE;
				MTL_FAST_MATH = YES;
				ONLY_ACTIVE_ARCH = YES;
				SDKROOT = iphoneos;
				SWIFT_ACTIVE_COMPILATION_CONDITIONS = DEBUG;
				SWIFT_OPTIMIZATION_LEVEL = "-Onone";
			};
			name = Debug;
		};
		C342107B2536A70100479650 /* Release */ = {
			isa = XCBuildConfiguration;
			buildSettings = {
				ALWAYS_SEARCH_USER_PATHS = NO;
				CLANG_ANALYZER_NONNULL = YES;
				CLANG_ANALYZER_NUMBER_OBJECT_CONVERSION = YES_AGGRESSIVE;
				CLANG_CXX_LANGUAGE_STANDARD = "gnu++14";
				CLANG_CXX_LIBRARY = "libc++";
				CLANG_ENABLE_MODULES = YES;
				CLANG_ENABLE_OBJC_ARC = YES;
				CLANG_ENABLE_OBJC_WEAK = YES;
				CLANG_WARN_BLOCK_CAPTURE_AUTORELEASING = YES;
				CLANG_WARN_BOOL_CONVERSION = YES;
				CLANG_WARN_COMMA = YES;
				CLANG_WARN_CONSTANT_CONVERSION = YES;
				CLANG_WARN_DEPRECATED_OBJC_IMPLEMENTATIONS = YES;
				CLANG_WARN_DIRECT_OBJC_ISA_USAGE = YES_ERROR;
				CLANG_WARN_DOCUMENTATION_COMMENTS = YES;
				CLANG_WARN_EMPTY_BODY = YES;
				CLANG_WARN_ENUM_CONVERSION = YES;
				CLANG_WARN_INFINITE_RECURSION = YES;
				CLANG_WARN_INT_CONVERSION = YES;
				CLANG_WARN_NON_LITERAL_NULL_CONVERSION = YES;
				CLANG_WARN_OBJC_IMPLICIT_RETAIN_SELF = YES;
				CLANG_WARN_OBJC_LITERAL_CONVERSION = YES;
				CLANG_WARN_OBJC_ROOT_CLASS = YES_ERROR;
				CLANG_WARN_QUOTED_INCLUDE_IN_FRAMEWORK_HEADER = YES;
				CLANG_WARN_RANGE_LOOP_ANALYSIS = YES;
				CLANG_WARN_STRICT_PROTOTYPES = YES;
				CLANG_WARN_SUSPICIOUS_MOVE = YES;
				CLANG_WARN_UNGUARDED_AVAILABILITY = YES_AGGRESSIVE;
				CLANG_WARN_UNREACHABLE_CODE = YES;
				CLANG_WARN__DUPLICATE_METHOD_MATCH = YES;
				COPY_PHASE_STRIP = NO;
				DEBUG_INFORMATION_FORMAT = "dwarf-with-dsym";
				ENABLE_NS_ASSERTIONS = NO;
				ENABLE_STRICT_OBJC_MSGSEND = YES;
				GCC_C_LANGUAGE_STANDARD = gnu11;
				GCC_NO_COMMON_BLOCKS = YES;
				GCC_WARN_64_TO_32_BIT_CONVERSION = YES;
				GCC_WARN_ABOUT_RETURN_TYPE = YES_ERROR;
				GCC_WARN_UNDECLARED_SELECTOR = YES;
				GCC_WARN_UNINITIALIZED_AUTOS = YES_AGGRESSIVE;
				GCC_WARN_UNUSED_FUNCTION = YES;
				GCC_WARN_UNUSED_VARIABLE = YES;
				IPHONEOS_DEPLOYMENT_TARGET = 14.0;
				MACOSX_DEPLOYMENT_TARGET = 10.14;
				MTL_ENABLE_DEBUG_INFO = NO;
				MTL_FAST_MATH = YES;
				SDKROOT = iphoneos;
				SWIFT_COMPILATION_MODE = wholemodule;
				SWIFT_OPTIMIZATION_LEVEL = "-O";
				VALIDATE_PRODUCT = YES;
			};
			name = Release;
		};
		C342107D2536A70100479650 /* Debug */ = {
			isa = XCBuildConfiguration;
			buildSettings = {
				ASSETCATALOG_COMPILER_APPICON_NAME = AppIcon;
				ASSETCATALOG_COMPILER_GLOBAL_ACCENT_COLOR_NAME = AccentColor;
				CODE_SIGN_STYLE = Automatic;
				DEVELOPMENT_TEAM = 39WA4QS927;
				INFOPLIST_FILE = "Game Of Life/Info.plist";
				LD_RUNPATH_SEARCH_PATHS = (
					"$(inherited)",
					"@executable_path/Frameworks",
				);
				PRODUCT_BUNDLE_IDENTIFIER = "co.jcdev.Game-Of-Life";
				PRODUCT_NAME = "$(TARGET_NAME)";
				SWIFT_VERSION = 5.0;
				TARGETED_DEVICE_FAMILY = "1,2";
			};
			name = Debug;
		};
		C342107E2536A70100479650 /* Release */ = {
			isa = XCBuildConfiguration;
			buildSettings = {
				ASSETCATALOG_COMPILER_APPICON_NAME = AppIcon;
				ASSETCATALOG_COMPILER_GLOBAL_ACCENT_COLOR_NAME = AccentColor;
				CODE_SIGN_STYLE = Automatic;
				DEVELOPMENT_TEAM = 39WA4QS927;
				INFOPLIST_FILE = "Game Of Life/Info.plist";
				LD_RUNPATH_SEARCH_PATHS = (
					"$(inherited)",
					"@executable_path/Frameworks",
				);
				PRODUCT_BUNDLE_IDENTIFIER = "co.jcdev.Game-Of-Life";
				PRODUCT_NAME = "$(TARGET_NAME)";
				SWIFT_VERSION = 5.0;
				TARGETED_DEVICE_FAMILY = "1,2";
			};
			name = Release;
		};
/* End XCBuildConfiguration section */

/* Begin XCConfigurationList section */
		C34210632536A70000479650 /* Build configuration list for PBXProject "Game Of Life" */ = {
			isa = XCConfigurationList;
			buildConfigurations = (
				C342107A2536A70100479650 /* Debug */,
				C342107B2536A70100479650 /* Release */,
			);
			defaultConfigurationIsVisible = 0;
			defaultConfigurationName = Release;
		};
		C342107C2536A70100479650 /* Build configuration list for PBXNativeTarget "Game Of Life" */ = {
			isa = XCConfigurationList;
			buildConfigurations = (
				C342107D2536A70100479650 /* Debug */,
				C342107E2536A70100479650 /* Release */,
			);
			defaultConfigurationIsVisible = 0;
			defaultConfigurationName = Release;
		};
/* End XCConfigurationList section */
	};
	rootObject = C34210602536A70000479650 /* Project object */;
}
