// !$*UTF8*$!
{
	archiveVersion = 1;
	classes = {
	};
	objectVersion = 50;
	objects = {

/* Begin PBXBuildFile section */
		27F9376F24CC6AD600A1E9F3 /* AppDelegate.swift in Sources */ = {isa = PBXBuildFile; fileRef = 27F9376E24CC6AD600A1E9F3 /* AppDelegate.swift */; };
		27F9377124CC6AD600A1E9F3 /* SceneDelegate.swift in Sources */ = {isa = PBXBuildFile; fileRef = 27F9377024CC6AD600A1E9F3 /* SceneDelegate.swift */; };
		27F9377324CC6AD600A1E9F3 /* GameOfLifeViewController.swift in Sources */ = {isa = PBXBuildFile; fileRef = 27F9377224CC6AD600A1E9F3 /* GameOfLifeViewController.swift */; };
		27F9377624CC6AD600A1E9F3 /* Main.storyboard in Resources */ = {isa = PBXBuildFile; fileRef = 27F9377424CC6AD600A1E9F3 /* Main.storyboard */; };
		27F9377824CC6AE000A1E9F3 /* Assets.xcassets in Resources */ = {isa = PBXBuildFile; fileRef = 27F9377724CC6AE000A1E9F3 /* Assets.xcassets */; };
		27F9377B24CC6AE000A1E9F3 /* LaunchScreen.storyboard in Resources */ = {isa = PBXBuildFile; fileRef = 27F9377924CC6AE000A1E9F3 /* LaunchScreen.storyboard */; };
		27F9378924CC7A1200A1E9F3 /* InfoViewController.swift in Sources */ = {isa = PBXBuildFile; fileRef = 27F9378824CC7A1200A1E9F3 /* InfoViewController.swift */; };
		27F9378C24CF2D0C00A1E9F3 /* GridView.swift in Sources */ = {isa = PBXBuildFile; fileRef = 27F9378B24CF2D0C00A1E9F3 /* GridView.swift */; };
		27F9378F24CF2D7E00A1E9F3 /* Cell.swift in Sources */ = {isa = PBXBuildFile; fileRef = 27F9378E24CF2D7E00A1E9F3 /* Cell.swift */; };
		27F9379124CF2E1900A1E9F3 /* GameGrid.swift in Sources */ = {isa = PBXBuildFile; fileRef = 27F9379024CF2E1900A1E9F3 /* GameGrid.swift */; };
/* End PBXBuildFile section */

/* Begin PBXFileReference section */
		27F9376B24CC6AD600A1E9F3 /* Game of Life.app */ = {isa = PBXFileReference; explicitFileType = wrapper.application; includeInIndex = 0; path = "Game of Life.app"; sourceTree = BUILT_PRODUCTS_DIR; };
		27F9376E24CC6AD600A1E9F3 /* AppDelegate.swift */ = {isa = PBXFileReference; lastKnownFileType = sourcecode.swift; path = AppDelegate.swift; sourceTree = "<group>"; };
		27F9377024CC6AD600A1E9F3 /* SceneDelegate.swift */ = {isa = PBXFileReference; lastKnownFileType = sourcecode.swift; path = SceneDelegate.swift; sourceTree = "<group>"; };
		27F9377224CC6AD600A1E9F3 /* GameOfLifeViewController.swift */ = {isa = PBXFileReference; lastKnownFileType = sourcecode.swift; path = GameOfLifeViewController.swift; sourceTree = "<group>"; };
		27F9377524CC6AD600A1E9F3 /* Base */ = {isa = PBXFileReference; lastKnownFileType = file.storyboard; name = Base; path = Base.lproj/Main.storyboard; sourceTree = "<group>"; };
		27F9377724CC6AE000A1E9F3 /* Assets.xcassets */ = {isa = PBXFileReference; lastKnownFileType = folder.assetcatalog; path = Assets.xcassets; sourceTree = "<group>"; };
		27F9377A24CC6AE000A1E9F3 /* Base */ = {isa = PBXFileReference; lastKnownFileType = file.storyboard; name = Base; path = Base.lproj/LaunchScreen.storyboard; sourceTree = "<group>"; };
		27F9377C24CC6AE000A1E9F3 /* Info.plist */ = {isa = PBXFileReference; lastKnownFileType = text.plist.xml; path = Info.plist; sourceTree = "<group>"; };
		27F9378824CC7A1200A1E9F3 /* InfoViewController.swift */ = {isa = PBXFileReference; lastKnownFileType = sourcecode.swift; path = InfoViewController.swift; sourceTree = "<group>"; };
		27F9378B24CF2D0C00A1E9F3 /* GridView.swift */ = {isa = PBXFileReference; lastKnownFileType = sourcecode.swift; path = GridView.swift; sourceTree = "<group>"; };
		27F9378E24CF2D7E00A1E9F3 /* Cell.swift */ = {isa = PBXFileReference; lastKnownFileType = sourcecode.swift; path = Cell.swift; sourceTree = "<group>"; };
		27F9379024CF2E1900A1E9F3 /* GameGrid.swift */ = {isa = PBXFileReference; lastKnownFileType = sourcecode.swift; path = GameGrid.swift; sourceTree = "<group>"; };
/* End PBXFileReference section */

/* Begin PBXFrameworksBuildPhase section */
		27F9376824CC6AD600A1E9F3 /* Frameworks */ = {
			isa = PBXFrameworksBuildPhase;
			buildActionMask = 2147483647;
			files = (
			);
			runOnlyForDeploymentPostprocessing = 0;
		};
/* End PBXFrameworksBuildPhase section */

/* Begin PBXGroup section */
		27F9376224CC6AD600A1E9F3 = {
			isa = PBXGroup;
			children = (
				27F9376D24CC6AD600A1E9F3 /* Game of Life */,
				27F9376C24CC6AD600A1E9F3 /* Products */,
			);
			sourceTree = "<group>";
		};
		27F9376C24CC6AD600A1E9F3 /* Products */ = {
			isa = PBXGroup;
			children = (
				27F9376B24CC6AD600A1E9F3 /* Game of Life.app */,
			);
			name = Products;
			sourceTree = "<group>";
		};
		27F9376D24CC6AD600A1E9F3 /* Game of Life */ = {
			isa = PBXGroup;
			children = (
				27F9378D24CF2D6200A1E9F3 /* Models */,
				27F9378A24CF2CC900A1E9F3 /* Views */,
				27F9378724CC79EC00A1E9F3 /* View Controllers */,
				27F9378424CC6B7800A1E9F3 /* Storyboards */,
				27F9378324CC6B6300A1E9F3 /* Resources */,
			);
			path = "Game of Life";
			sourceTree = "<group>";
		};
		27F9378324CC6B6300A1E9F3 /* Resources */ = {
			isa = PBXGroup;
			children = (
				27F9376E24CC6AD600A1E9F3 /* AppDelegate.swift */,
				27F9377024CC6AD600A1E9F3 /* SceneDelegate.swift */,
				27F9377724CC6AE000A1E9F3 /* Assets.xcassets */,
				27F9377C24CC6AE000A1E9F3 /* Info.plist */,
			);
			path = Resources;
			sourceTree = "<group>";
		};
		27F9378424CC6B7800A1E9F3 /* Storyboards */ = {
			isa = PBXGroup;
			children = (
				27F9377424CC6AD600A1E9F3 /* Main.storyboard */,
				27F9377924CC6AE000A1E9F3 /* LaunchScreen.storyboard */,
			);
			path = Storyboards;
			sourceTree = "<group>";
		};
		27F9378724CC79EC00A1E9F3 /* View Controllers */ = {
			isa = PBXGroup;
			children = (
				27F9377224CC6AD600A1E9F3 /* GameOfLifeViewController.swift */,
				27F9378824CC7A1200A1E9F3 /* InfoViewController.swift */,
			);
			path = "View Controllers";
			sourceTree = "<group>";
		};
		27F9378A24CF2CC900A1E9F3 /* Views */ = {
			isa = PBXGroup;
			children = (
				27F9378B24CF2D0C00A1E9F3 /* GridView.swift */,
			);
			path = Views;
			sourceTree = "<group>";
		};
		27F9378D24CF2D6200A1E9F3 /* Models */ = {
			isa = PBXGroup;
			children = (
				27F9378E24CF2D7E00A1E9F3 /* Cell.swift */,
				27F9379024CF2E1900A1E9F3 /* GameGrid.swift */,
			);
			path = Models;
			sourceTree = "<group>";
		};
/* End PBXGroup section */

/* Begin PBXNativeTarget section */
		27F9376A24CC6AD600A1E9F3 /* Game of Life */ = {
			isa = PBXNativeTarget;
			buildConfigurationList = 27F9377F24CC6AE000A1E9F3 /* Build configuration list for PBXNativeTarget "Game of Life" */;
			buildPhases = (
				27F9376724CC6AD600A1E9F3 /* Sources */,
				27F9376824CC6AD600A1E9F3 /* Frameworks */,
				27F9376924CC6AD600A1E9F3 /* Resources */,
			);
			buildRules = (
			);
			dependencies = (
			);
			name = "Game of Life";
			productName = "Game of Life";
			productReference = 27F9376B24CC6AD600A1E9F3 /* Game of Life.app */;
			productType = "com.apple.product-type.application";
		};
/* End PBXNativeTarget section */

/* Begin PBXProject section */
		27F9376324CC6AD600A1E9F3 /* Project object */ = {
			isa = PBXProject;
			attributes = {
				LastSwiftUpdateCheck = 1160;
				LastUpgradeCheck = 1160;
				ORGANIZATIONNAME = "Chris Dobek";
				TargetAttributes = {
					27F9376A24CC6AD600A1E9F3 = {
						CreatedOnToolsVersion = 11.6;
					};
				};
			};
			buildConfigurationList = 27F9376624CC6AD600A1E9F3 /* Build configuration list for PBXProject "Game of Life" */;
			compatibilityVersion = "Xcode 9.3";
			developmentRegion = en;
			hasScannedForEncodings = 0;
			knownRegions = (
				en,
				Base,
			);
			mainGroup = 27F9376224CC6AD600A1E9F3;
			productRefGroup = 27F9376C24CC6AD600A1E9F3 /* Products */;
			projectDirPath = "";
			projectRoot = "";
			targets = (
				27F9376A24CC6AD600A1E9F3 /* Game of Life */,
			);
		};
/* End PBXProject section */

/* Begin PBXResourcesBuildPhase section */
		27F9376924CC6AD600A1E9F3 /* Resources */ = {
			isa = PBXResourcesBuildPhase;
			buildActionMask = 2147483647;
			files = (
				27F9377B24CC6AE000A1E9F3 /* LaunchScreen.storyboard in Resources */,
				27F9377824CC6AE000A1E9F3 /* Assets.xcassets in Resources */,
				27F9377624CC6AD600A1E9F3 /* Main.storyboard in Resources */,
			);
			runOnlyForDeploymentPostprocessing = 0;
		};
/* End PBXResourcesBuildPhase section */

/* Begin PBXSourcesBuildPhase section */
		27F9376724CC6AD600A1E9F3 /* Sources */ = {
			isa = PBXSourcesBuildPhase;
			buildActionMask = 2147483647;
			files = (
				27F9377324CC6AD600A1E9F3 /* GameOfLifeViewController.swift in Sources */,
				27F9376F24CC6AD600A1E9F3 /* AppDelegate.swift in Sources */,
				27F9378924CC7A1200A1E9F3 /* InfoViewController.swift in Sources */,
				27F9379124CF2E1900A1E9F3 /* GameGrid.swift in Sources */,
				27F9378C24CF2D0C00A1E9F3 /* GridView.swift in Sources */,
				27F9377124CC6AD600A1E9F3 /* SceneDelegate.swift in Sources */,
				27F9378F24CF2D7E00A1E9F3 /* Cell.swift in Sources */,
			);
			runOnlyForDeploymentPostprocessing = 0;
		};
/* End PBXSourcesBuildPhase section */

/* Begin PBXVariantGroup section */
		27F9377424CC6AD600A1E9F3 /* Main.storyboard */ = {
			isa = PBXVariantGroup;
			children = (
				27F9377524CC6AD600A1E9F3 /* Base */,
			);
			name = Main.storyboard;
			sourceTree = "<group>";
		};
		27F9377924CC6AE000A1E9F3 /* LaunchScreen.storyboard */ = {
			isa = PBXVariantGroup;
			children = (
				27F9377A24CC6AE000A1E9F3 /* Base */,
			);
			name = LaunchScreen.storyboard;
			sourceTree = "<group>";
		};
/* End PBXVariantGroup section */

/* Begin XCBuildConfiguration section */
		27F9377D24CC6AE000A1E9F3 /* Debug */ = {
			isa = XCBuildConfiguration;
			buildSettings = {
				ALWAYS_SEARCH_USER_PATHS = NO;
				CLANG_ANALYZER_NONNULL = YES;
				CLANG_ANALYZER_NUMBER_OBJECT_CONVERSION = YES_AGGRESSIVE;
				CLANG_CXX_LANGUAGE_STANDARD = "gnu++14";
				CLANG_CXX_LIBRARY = "libc++";
				CLANG_ENABLE_MODULES = YES;
				CLANG_ENABLE_OBJC_ARC = YES;
				CLANG_ENABLE_OBJC_WEAK = YES;
				CLANG_WARN_BLOCK_CAPTURE_AUTORELEASING = YES;
				CLANG_WARN_BOOL_CONVERSION = YES;
				CLANG_WARN_COMMA = YES;
				CLANG_WARN_CONSTANT_CONVERSION = YES;
				CLANG_WARN_DEPRECATED_OBJC_IMPLEMENTATIONS = YES;
				CLANG_WARN_DIRECT_OBJC_ISA_USAGE = YES_ERROR;
				CLANG_WARN_DOCUMENTATION_COMMENTS = YES;
				CLANG_WARN_EMPTY_BODY = YES;
				CLANG_WARN_ENUM_CONVERSION = YES;
				CLANG_WARN_INFINITE_RECURSION = YES;
				CLANG_WARN_INT_CONVERSION = YES;
				CLANG_WARN_NON_LITERAL_NULL_CONVERSION = YES;
				CLANG_WARN_OBJC_IMPLICIT_RETAIN_SELF = YES;
				CLANG_WARN_OBJC_LITERAL_CONVERSION = YES;
				CLANG_WARN_OBJC_ROOT_CLASS = YES_ERROR;
				CLANG_WARN_RANGE_LOOP_ANALYSIS = YES;
				CLANG_WARN_STRICT_PROTOTYPES = YES;
				CLANG_WARN_SUSPICIOUS_MOVE = YES;
				CLANG_WARN_UNGUARDED_AVAILABILITY = YES_AGGRESSIVE;
				CLANG_WARN_UNREACHABLE_CODE = YES;
				CLANG_WARN__DUPLICATE_METHOD_MATCH = YES;
				COPY_PHASE_STRIP = NO;
				DEBUG_INFORMATION_FORMAT = dwarf;
				ENABLE_STRICT_OBJC_MSGSEND = YES;
				ENABLE_TESTABILITY = YES;
				GCC_C_LANGUAGE_STANDARD = gnu11;
				GCC_DYNAMIC_NO_PIC = NO;
				GCC_NO_COMMON_BLOCKS = YES;
				GCC_OPTIMIZATION_LEVEL = 0;
				GCC_PREPROCESSOR_DEFINITIONS = (
					"DEBUG=1",
					"$(inherited)",
				);
				GCC_WARN_64_TO_32_BIT_CONVERSION = YES;
				GCC_WARN_ABOUT_RETURN_TYPE = YES_ERROR;
				GCC_WARN_UNDECLARED_SELECTOR = YES;
				GCC_WARN_UNINITIALIZED_AUTOS = YES_AGGRESSIVE;
				GCC_WARN_UNUSED_FUNCTION = YES;
				GCC_WARN_UNUSED_VARIABLE = YES;
				IPHONEOS_DEPLOYMENT_TARGET = 13.6;
				MTL_ENABLE_DEBUG_INFO = INCLUDE_SOURCE;
				MTL_FAST_MATH = YES;
				ONLY_ACTIVE_ARCH = YES;
				SDKROOT = iphoneos;
				SWIFT_ACTIVE_COMPILATION_CONDITIONS = DEBUG;
				SWIFT_OPTIMIZATION_LEVEL = "-Onone";
			};
			name = Debug;
		};
		27F9377E24CC6AE000A1E9F3 /* Release */ = {
			isa = XCBuildConfiguration;
			buildSettings = {
				ALWAYS_SEARCH_USER_PATHS = NO;
				CLANG_ANALYZER_NONNULL = YES;
				CLANG_ANALYZER_NUMBER_OBJECT_CONVERSION = YES_AGGRESSIVE;
				CLANG_CXX_LANGUAGE_STANDARD = "gnu++14";
				CLANG_CXX_LIBRARY = "libc++";
				CLANG_ENABLE_MODULES = YES;
				CLANG_ENABLE_OBJC_ARC = YES;
				CLANG_ENABLE_OBJC_WEAK = YES;
				CLANG_WARN_BLOCK_CAPTURE_AUTORELEASING = YES;
				CLANG_WARN_BOOL_CONVERSION = YES;
				CLANG_WARN_COMMA = YES;
				CLANG_WARN_CONSTANT_CONVERSION = YES;
				CLANG_WARN_DEPRECATED_OBJC_IMPLEMENTATIONS = YES;
				CLANG_WARN_DIRECT_OBJC_ISA_USAGE = YES_ERROR;
				CLANG_WARN_DOCUMENTATION_COMMENTS = YES;
				CLANG_WARN_EMPTY_BODY = YES;
				CLANG_WARN_ENUM_CONVERSION = YES;
				CLANG_WARN_INFINITE_RECURSION = YES;
				CLANG_WARN_INT_CONVERSION = YES;
				CLANG_WARN_NON_LITERAL_NULL_CONVERSION = YES;
				CLANG_WARN_OBJC_IMPLICIT_RETAIN_SELF = YES;
				CLANG_WARN_OBJC_LITERAL_CONVERSION = YES;
				CLANG_WARN_OBJC_ROOT_CLASS = YES_ERROR;
				CLANG_WARN_RANGE_LOOP_ANALYSIS = YES;
				CLANG_WARN_STRICT_PROTOTYPES = YES;
				CLANG_WARN_SUSPICIOUS_MOVE = YES;
				CLANG_WARN_UNGUARDED_AVAILABILITY = YES_AGGRESSIVE;
				CLANG_WARN_UNREACHABLE_CODE = YES;
				CLANG_WARN__DUPLICATE_METHOD_MATCH = YES;
				COPY_PHASE_STRIP = NO;
				DEBUG_INFORMATION_FORMAT = "dwarf-with-dsym";
				ENABLE_NS_ASSERTIONS = NO;
				ENABLE_STRICT_OBJC_MSGSEND = YES;
				GCC_C_LANGUAGE_STANDARD = gnu11;
				GCC_NO_COMMON_BLOCKS = YES;
				GCC_WARN_64_TO_32_BIT_CONVERSION = YES;
				GCC_WARN_ABOUT_RETURN_TYPE = YES_ERROR;
				GCC_WARN_UNDECLARED_SELECTOR = YES;
				GCC_WARN_UNINITIALIZED_AUTOS = YES_AGGRESSIVE;
				GCC_WARN_UNUSED_FUNCTION = YES;
				GCC_WARN_UNUSED_VARIABLE = YES;
				IPHONEOS_DEPLOYMENT_TARGET = 13.6;
				MTL_ENABLE_DEBUG_INFO = NO;
				MTL_FAST_MATH = YES;
				SDKROOT = iphoneos;
				SWIFT_COMPILATION_MODE = wholemodule;
				SWIFT_OPTIMIZATION_LEVEL = "-O";
				VALIDATE_PRODUCT = YES;
			};
			name = Release;
		};
		27F9378024CC6AE000A1E9F3 /* Debug */ = {
			isa = XCBuildConfiguration;
			buildSettings = {
				ASSETCATALOG_COMPILER_APPICON_NAME = AppIcon;
				CODE_SIGN_STYLE = Automatic;
				INFOPLIST_FILE = "Game of Life/Resources/Info.plist";
				LD_RUNPATH_SEARCH_PATHS = (
					"$(inherited)",
					"@executable_path/Frameworks",
				);
				PRODUCT_BUNDLE_IDENTIFIER = "com.chrisdobek.Game-of-Life";
				PRODUCT_NAME = "$(TARGET_NAME)";
				SWIFT_VERSION = 5.0;
				TARGETED_DEVICE_FAMILY = "1,2";
			};
			name = Debug;
		};
		27F9378124CC6AE000A1E9F3 /* Release */ = {
			isa = XCBuildConfiguration;
			buildSettings = {
				ASSETCATALOG_COMPILER_APPICON_NAME = AppIcon;
				CODE_SIGN_STYLE = Automatic;
				INFOPLIST_FILE = "Game of Life/Resources/Info.plist";
				LD_RUNPATH_SEARCH_PATHS = (
					"$(inherited)",
					"@executable_path/Frameworks",
				);
				PRODUCT_BUNDLE_IDENTIFIER = "com.chrisdobek.Game-of-Life";
				PRODUCT_NAME = "$(TARGET_NAME)";
				SWIFT_VERSION = 5.0;
				TARGETED_DEVICE_FAMILY = "1,2";
			};
			name = Release;
		};
/* End XCBuildConfiguration section */

/* Begin XCConfigurationList section */
		27F9376624CC6AD600A1E9F3 /* Build configuration list for PBXProject "Game of Life" */ = {
			isa = XCConfigurationList;
			buildConfigurations = (
				27F9377D24CC6AE000A1E9F3 /* Debug */,
				27F9377E24CC6AE000A1E9F3 /* Release */,
			);
			defaultConfigurationIsVisible = 0;
			defaultConfigurationName = Release;
		};
		27F9377F24CC6AE000A1E9F3 /* Build configuration list for PBXNativeTarget "Game of Life" */ = {
			isa = XCConfigurationList;
			buildConfigurations = (
				27F9378024CC6AE000A1E9F3 /* Debug */,
				27F9378124CC6AE000A1E9F3 /* Release */,
			);
			defaultConfigurationIsVisible = 0;
			defaultConfigurationName = Release;
		};
/* End XCConfigurationList section */
	};
	rootObject = 27F9376324CC6AD600A1E9F3 /* Project object */;
}
